// !$*UTF8*$!
{
	archiveVersion = 1;
	classes = {
	};
	objectVersion = 50;
	objects = {

/* Begin PBXBuildFile section */
		D1ED2DBA24DD839100715B2A /* AppDelegate.swift in Sources */ = {isa = PBXBuildFile; fileRef = D1ED2DB924DD839100715B2A /* AppDelegate.swift */; };
		D1ED2DBC24DD839100715B2A /* ViewController.swift in Sources */ = {isa = PBXBuildFile; fileRef = D1ED2DBB24DD839100715B2A /* ViewController.swift */; };
		D1ED2DBE24DD839200715B2A /* Assets.xcassets in Resources */ = {isa = PBXBuildFile; fileRef = D1ED2DBD24DD839200715B2A /* Assets.xcassets */; };
		D1ED2DC124DD839200715B2A /* Main.storyboard in Resources */ = {isa = PBXBuildFile; fileRef = D1ED2DBF24DD839200715B2A /* Main.storyboard */; };
		D1ED2DCD24DD839200715B2A /* HelloWorldTests.swift in Sources */ = {isa = PBXBuildFile; fileRef = D1ED2DCC24DD839200715B2A /* HelloWorldTests.swift */; };
		D1ED2DD824DD839200715B2A /* HelloWorldUITests.swift in Sources */ = {isa = PBXBuildFile; fileRef = D1ED2DD724DD839200715B2A /* HelloWorldUITests.swift */; };
/* End PBXBuildFile section */

/* Begin PBXContainerItemProxy section */
		D1ED2DC924DD839200715B2A /* PBXContainerItemProxy */ = {
			isa = PBXContainerItemProxy;
			containerPortal = D1ED2DAE24DD839100715B2A /* Project object */;
			proxyType = 1;
			remoteGlobalIDString = D1ED2DB524DD839100715B2A;
			remoteInfo = HelloWorld;
		};
		D1ED2DD424DD839200715B2A /* PBXContainerItemProxy */ = {
			isa = PBXContainerItemProxy;
			containerPortal = D1ED2DAE24DD839100715B2A /* Project object */;
			proxyType = 1;
			remoteGlobalIDString = D1ED2DB524DD839100715B2A;
			remoteInfo = HelloWorld;
		};
/* End PBXContainerItemProxy section */

/* Begin PBXFileReference section */
		D1ED2DB624DD839100715B2A /* HelloWorld.app */ = {isa = PBXFileReference; explicitFileType = wrapper.application; includeInIndex = 0; path = HelloWorld.app; sourceTree = BUILT_PRODUCTS_DIR; };
		D1ED2DB924DD839100715B2A /* AppDelegate.swift */ = {isa = PBXFileReference; lastKnownFileType = sourcecode.swift; path = AppDelegate.swift; sourceTree = "<group>"; };
		D1ED2DBB24DD839100715B2A /* ViewController.swift */ = {isa = PBXFileReference; lastKnownFileType = sourcecode.swift; path = ViewController.swift; sourceTree = "<group>"; };
		D1ED2DBD24DD839200715B2A /* Assets.xcassets */ = {isa = PBXFileReference; lastKnownFileType = folder.assetcatalog; path = Assets.xcassets; sourceTree = "<group>"; };
		D1ED2DC024DD839200715B2A /* Base */ = {isa = PBXFileReference; lastKnownFileType = file.storyboard; name = Base; path = Base.lproj/Main.storyboard; sourceTree = "<group>"; };
		D1ED2DC224DD839200715B2A /* Info.plist */ = {isa = PBXFileReference; lastKnownFileType = text.plist.xml; path = Info.plist; sourceTree = "<group>"; };
		D1ED2DC324DD839200715B2A /* HelloWorld.entitlements */ = {isa = PBXFileReference; lastKnownFileType = text.plist.entitlements; path = HelloWorld.entitlements; sourceTree = "<group>"; };
		D1ED2DC824DD839200715B2A /* HelloWorldTests.xctest */ = {isa = PBXFileReference; explicitFileType = wrapper.cfbundle; includeInIndex = 0; path = HelloWorldTests.xctest; sourceTree = BUILT_PRODUCTS_DIR; };
		D1ED2DCC24DD839200715B2A /* HelloWorldTests.swift */ = {isa = PBXFileReference; lastKnownFileType = sourcecode.swift; path = HelloWorldTests.swift; sourceTree = "<group>"; };
		D1ED2DCE24DD839200715B2A /* Info.plist */ = {isa = PBXFileReference; lastKnownFileType = text.plist.xml; path = Info.plist; sourceTree = "<group>"; };
		D1ED2DD324DD839200715B2A /* HelloWorldUITests.xctest */ = {isa = PBXFileReference; explicitFileType = wrapper.cfbundle; includeInIndex = 0; path = HelloWorldUITests.xctest; sourceTree = BUILT_PRODUCTS_DIR; };
		D1ED2DD724DD839200715B2A /* HelloWorldUITests.swift */ = {isa = PBXFileReference; lastKnownFileType = sourcecode.swift; path = HelloWorldUITests.swift; sourceTree = "<group>"; };
		D1ED2DD924DD839200715B2A /* Info.plist */ = {isa = PBXFileReference; lastKnownFileType = text.plist.xml; path = Info.plist; sourceTree = "<group>"; };
/* End PBXFileReference section */

/* Begin PBXFrameworksBuildPhase section */
		D1ED2DB324DD839100715B2A /* Frameworks */ = {
			isa = PBXFrameworksBuildPhase;
			buildActionMask = 2147483647;
			files = (
			);
			runOnlyForDeploymentPostprocessing = 0;
		};
		D1ED2DC524DD839200715B2A /* Frameworks */ = {
			isa = PBXFrameworksBuildPhase;
			buildActionMask = 2147483647;
			files = (
			);
			runOnlyForDeploymentPostprocessing = 0;
		};
		D1ED2DD024DD839200715B2A /* Frameworks */ = {
			isa = PBXFrameworksBuildPhase;
			buildActionMask = 2147483647;
			files = (
			);
			runOnlyForDeploymentPostprocessing = 0;
		};
/* End PBXFrameworksBuildPhase section */

/* Begin PBXGroup section */
		D1ED2DAD24DD839100715B2A = {
			isa = PBXGroup;
			children = (
				D1ED2DB824DD839100715B2A /* HelloWorld */,
				D1ED2DCB24DD839200715B2A /* HelloWorldTests */,
				D1ED2DD624DD839200715B2A /* HelloWorldUITests */,
				D1ED2DB724DD839100715B2A /* Products */,
			);
			sourceTree = "<group>";
		};
		D1ED2DB724DD839100715B2A /* Products */ = {
			isa = PBXGroup;
			children = (
				D1ED2DB624DD839100715B2A /* HelloWorld.app */,
				D1ED2DC824DD839200715B2A /* HelloWorldTests.xctest */,
				D1ED2DD324DD839200715B2A /* HelloWorldUITests.xctest */,
			);
			name = Products;
			sourceTree = "<group>";
		};
		D1ED2DB824DD839100715B2A /* HelloWorld */ = {
			isa = PBXGroup;
			children = (
				D1ED2DB924DD839100715B2A /* AppDelegate.swift */,
				D1ED2DBB24DD839100715B2A /* ViewController.swift */,
				D1ED2DBD24DD839200715B2A /* Assets.xcassets */,
				D1ED2DBF24DD839200715B2A /* Main.storyboard */,
				D1ED2DC224DD839200715B2A /* Info.plist */,
				D1ED2DC324DD839200715B2A /* HelloWorld.entitlements */,
			);
			path = HelloWorld;
			sourceTree = "<group>";
		};
		D1ED2DCB24DD839200715B2A /* HelloWorldTests */ = {
			isa = PBXGroup;
			children = (
				D1ED2DCC24DD839200715B2A /* HelloWorldTests.swift */,
				D1ED2DCE24DD839200715B2A /* Info.plist */,
			);
			path = HelloWorldTests;
			sourceTree = "<group>";
		};
		D1ED2DD624DD839200715B2A /* HelloWorldUITests */ = {
			isa = PBXGroup;
			children = (
				D1ED2DD724DD839200715B2A /* HelloWorldUITests.swift */,
				D1ED2DD924DD839200715B2A /* Info.plist */,
			);
			path = HelloWorldUITests;
			sourceTree = "<group>";
		};
/* End PBXGroup section */

/* Begin PBXNativeTarget section */
		D1ED2DB524DD839100715B2A /* HelloWorld */ = {
			isa = PBXNativeTarget;
			buildConfigurationList = D1ED2DDC24DD839200715B2A /* Build configuration list for PBXNativeTarget "HelloWorld" */;
			buildPhases = (
				D1ED2DB224DD839100715B2A /* Sources */,
				D1ED2DB324DD839100715B2A /* Frameworks */,
				D1ED2DB424DD839100715B2A /* Resources */,
			);
			buildRules = (
			);
			dependencies = (
			);
			name = HelloWorld;
			productName = HelloWorld;
			productReference = D1ED2DB624DD839100715B2A /* HelloWorld.app */;
			productType = "com.apple.product-type.application";
		};
		D1ED2DC724DD839200715B2A /* HelloWorldTests */ = {
			isa = PBXNativeTarget;
			buildConfigurationList = D1ED2DDF24DD839200715B2A /* Build configuration list for PBXNativeTarget "HelloWorldTests" */;
			buildPhases = (
				D1ED2DC424DD839200715B2A /* Sources */,
				D1ED2DC524DD839200715B2A /* Frameworks */,
				D1ED2DC624DD839200715B2A /* Resources */,
			);
			buildRules = (
			);
			dependencies = (
				D1ED2DCA24DD839200715B2A /* PBXTargetDependency */,
			);
			name = HelloWorldTests;
			productName = HelloWorldTests;
			productReference = D1ED2DC824DD839200715B2A /* HelloWorldTests.xctest */;
			productType = "com.apple.product-type.bundle.unit-test";
		};
		D1ED2DD224DD839200715B2A /* HelloWorldUITests */ = {
			isa = PBXNativeTarget;
			buildConfigurationList = D1ED2DE224DD839200715B2A /* Build configuration list for PBXNativeTarget "HelloWorldUITests" */;
			buildPhases = (
				D1ED2DCF24DD839200715B2A /* Sources */,
				D1ED2DD024DD839200715B2A /* Frameworks */,
				D1ED2DD124DD839200715B2A /* Resources */,
			);
			buildRules = (
			);
			dependencies = (
				D1ED2DD524DD839200715B2A /* PBXTargetDependency */,
			);
			name = HelloWorldUITests;
			productName = HelloWorldUITests;
			productReference = D1ED2DD324DD839200715B2A /* HelloWorldUITests.xctest */;
			productType = "com.apple.product-type.bundle.ui-testing";
		};
/* End PBXNativeTarget section */

/* Begin PBXProject section */
		D1ED2DAE24DD839100715B2A /* Project object */ = {
			isa = PBXProject;
			attributes = {
				LastSwiftUpdateCheck = 1160;
				LastUpgradeCheck = 1160;
				ORGANIZATIONNAME = "Keita Shiga";
				TargetAttributes = {
					D1ED2DB524DD839100715B2A = {
						CreatedOnToolsVersion = 11.6;
					};
					D1ED2DC724DD839200715B2A = {
						CreatedOnToolsVersion = 11.6;
						TestTargetID = D1ED2DB524DD839100715B2A;
					};
					D1ED2DD224DD839200715B2A = {
						CreatedOnToolsVersion = 11.6;
						TestTargetID = D1ED2DB524DD839100715B2A;
					};
				};
			};
			buildConfigurationList = D1ED2DB124DD839100715B2A /* Build configuration list for PBXProject "HelloWorld" */;
			compatibilityVersion = "Xcode 9.3";
			developmentRegion = en;
			hasScannedForEncodings = 0;
			knownRegions = (
				en,
				Base,
			);
			mainGroup = D1ED2DAD24DD839100715B2A;
			productRefGroup = D1ED2DB724DD839100715B2A /* Products */;
			projectDirPath = "";
			projectRoot = "";
			targets = (
				D1ED2DB524DD839100715B2A /* HelloWorld */,
				D1ED2DC724DD839200715B2A /* HelloWorldTests */,
				D1ED2DD224DD839200715B2A /* HelloWorldUITests */,
			);
		};
/* End PBXProject section */

/* Begin PBXResourcesBuildPhase section */
		D1ED2DB424DD839100715B2A /* Resources */ = {
			isa = PBXResourcesBuildPhase;
			buildActionMask = 2147483647;
			files = (
				D1ED2DBE24DD839200715B2A /* Assets.xcassets in Resources */,
				D1ED2DC124DD839200715B2A /* Main.storyboard in Resources */,
			);
			runOnlyForDeploymentPostprocessing = 0;
		};
		D1ED2DC624DD839200715B2A /* Resources */ = {
			isa = PBXResourcesBuildPhase;
			buildActionMask = 2147483647;
			files = (
			);
			runOnlyForDeploymentPostprocessing = 0;
		};
		D1ED2DD124DD839200715B2A /* Resources */ = {
			isa = PBXResourcesBuildPhase;
			buildActionMask = 2147483647;
			files = (
			);
			runOnlyForDeploymentPostprocessing = 0;
		};
/* End PBXResourcesBuildPhase section */

/* Begin PBXSourcesBuildPhase section */
		D1ED2DB224DD839100715B2A /* Sources */ = {
			isa = PBXSourcesBuildPhase;
			buildActionMask = 2147483647;
			files = (
				D1ED2DBC24DD839100715B2A /* ViewController.swift in Sources */,
				D1ED2DBA24DD839100715B2A /* AppDelegate.swift in Sources */,
			);
			runOnlyForDeploymentPostprocessing = 0;
		};
		D1ED2DC424DD839200715B2A /* Sources */ = {
			isa = PBXSourcesBuildPhase;
			buildActionMask = 2147483647;
			files = (
				D1ED2DCD24DD839200715B2A /* HelloWorldTests.swift in Sources */,
			);
			runOnlyForDeploymentPostprocessing = 0;
		};
		D1ED2DCF24DD839200715B2A /* Sources */ = {
			isa = PBXSourcesBuildPhase;
			buildActionMask = 2147483647;
			files = (
				D1ED2DD824DD839200715B2A /* HelloWorldUITests.swift in Sources */,
			);
			runOnlyForDeploymentPostprocessing = 0;
		};
/* End PBXSourcesBuildPhase section */

/* Begin PBXTargetDependency section */
		D1ED2DCA24DD839200715B2A /* PBXTargetDependency */ = {
			isa = PBXTargetDependency;
			target = D1ED2DB524DD839100715B2A /* HelloWorld */;
			targetProxy = D1ED2DC924DD839200715B2A /* PBXContainerItemProxy */;
		};
		D1ED2DD524DD839200715B2A /* PBXTargetDependency */ = {
			isa = PBXTargetDependency;
			target = D1ED2DB524DD839100715B2A /* HelloWorld */;
			targetProxy = D1ED2DD424DD839200715B2A /* PBXContainerItemProxy */;
		};
/* End PBXTargetDependency section */

/* Begin PBXVariantGroup section */
		D1ED2DBF24DD839200715B2A /* Main.storyboard */ = {
			isa = PBXVariantGroup;
			children = (
				D1ED2DC024DD839200715B2A /* Base */,
			);
			name = Main.storyboard;
			sourceTree = "<group>";
		};
/* End PBXVariantGroup section */

/* Begin XCBuildConfiguration section */
		D1ED2DDA24DD839200715B2A /* Debug */ = {
			isa = XCBuildConfiguration;
			buildSettings = {
				ALWAYS_SEARCH_USER_PATHS = NO;
				CLANG_ANALYZER_NONNULL = YES;
				CLANG_ANALYZER_NUMBER_OBJECT_CONVERSION = YES_AGGRESSIVE;
				CLANG_CXX_LANGUAGE_STANDARD = "gnu++14";
				CLANG_CXX_LIBRARY = "libc++";
				CLANG_ENABLE_MODULES = YES;
				CLANG_ENABLE_OBJC_ARC = YES;
				CLANG_ENABLE_OBJC_WEAK = YES;
				CLANG_WARN_BLOCK_CAPTURE_AUTORELEASING = YES;
				CLANG_WARN_BOOL_CONVERSION = YES;
				CLANG_WARN_COMMA = YES;
				CLANG_WARN_CONSTANT_CONVERSION = YES;
				CLANG_WARN_DEPRECATED_OBJC_IMPLEMENTATIONS = YES;
				CLANG_WARN_DIRECT_OBJC_ISA_USAGE = YES_ERROR;
				CLANG_WARN_DOCUMENTATION_COMMENTS = YES;
				CLANG_WARN_EMPTY_BODY = YES;
				CLANG_WARN_ENUM_CONVERSION = YES;
				CLANG_WARN_INFINITE_RECURSION = YES;
				CLANG_WARN_INT_CONVERSION = YES;
				CLANG_WARN_NON_LITERAL_NULL_CONVERSION = YES;
				CLANG_WARN_OBJC_IMPLICIT_RETAIN_SELF = YES;
				CLANG_WARN_OBJC_LITERAL_CONVERSION = YES;
				CLANG_WARN_OBJC_ROOT_CLASS = YES_ERROR;
				CLANG_WARN_RANGE_LOOP_ANALYSIS = YES;
				CLANG_WARN_STRICT_PROTOTYPES = YES;
				CLANG_WARN_SUSPICIOUS_MOVE = YES;
				CLANG_WARN_UNGUARDED_AVAILABILITY = YES_AGGRESSIVE;
				CLANG_WARN_UNREACHABLE_CODE = YES;
				CLANG_WARN__DUPLICATE_METHOD_MATCH = YES;
				COPY_PHASE_STRIP = NO;
				DEBUG_INFORMATION_FORMAT = dwarf;
				ENABLE_STRICT_OBJC_MSGSEND = YES;
				ENABLE_TESTABILITY = YES;
				GCC_C_LANGUAGE_STANDARD = gnu11;
				GCC_DYNAMIC_NO_PIC = NO;
				GCC_NO_COMMON_BLOCKS = YES;
				GCC_OPTIMIZATION_LEVEL = 0;
				GCC_PREPROCESSOR_DEFINITIONS = (
					"DEBUG=1",
					"$(inherited)",
				);
				GCC_WARN_64_TO_32_BIT_CONVERSION = YES;
				GCC_WARN_ABOUT_RETURN_TYPE = YES_ERROR;
				GCC_WARN_UNDECLARED_SELECTOR = YES;
				GCC_WARN_UNINITIALIZED_AUTOS = YES_AGGRESSIVE;
				GCC_WARN_UNUSED_FUNCTION = YES;
				GCC_WARN_UNUSED_VARIABLE = YES;
				MACOSX_DEPLOYMENT_TARGET = 10.15;
				MTL_ENABLE_DEBUG_INFO = INCLUDE_SOURCE;
				MTL_FAST_MATH = YES;
				ONLY_ACTIVE_ARCH = YES;
				SDKROOT = macosx;
				SWIFT_ACTIVE_COMPILATION_CONDITIONS = DEBUG;
				SWIFT_OPTIMIZATION_LEVEL = "-Onone";
			};
			name = Debug;
		};
		D1ED2DDB24DD839200715B2A /* Release */ = {
			isa = XCBuildConfiguration;
			buildSettings = {
				ALWAYS_SEARCH_USER_PATHS = NO;
				CLANG_ANALYZER_NONNULL = YES;
				CLANG_ANALYZER_NUMBER_OBJECT_CONVERSION = YES_AGGRESSIVE;
				CLANG_CXX_LANGUAGE_STANDARD = "gnu++14";
				CLANG_CXX_LIBRARY = "libc++";
				CLANG_ENABLE_MODULES = YES;
				CLANG_ENABLE_OBJC_ARC = YES;
				CLANG_ENABLE_OBJC_WEAK = YES;
				CLANG_WARN_BLOCK_CAPTURE_AUTORELEASING = YES;
				CLANG_WARN_BOOL_CONVERSION = YES;
				CLANG_WARN_COMMA = YES;
				CLANG_WARN_CONSTANT_CONVERSION = YES;
				CLANG_WARN_DEPRECATED_OBJC_IMPLEMENTATIONS = YES;
				CLANG_WARN_DIRECT_OBJC_ISA_USAGE = YES_ERROR;
				CLANG_WARN_DOCUMENTATION_COMMENTS = YES;
				CLANG_WARN_EMPTY_BODY = YES;
				CLANG_WARN_ENUM_CONVERSION = YES;
				CLANG_WARN_INFINITE_RECURSION = YES;
				CLANG_WARN_INT_CONVERSION = YES;
				CLANG_WARN_NON_LITERAL_NULL_CONVERSION = YES;
				CLANG_WARN_OBJC_IMPLICIT_RETAIN_SELF = YES;
				CLANG_WARN_OBJC_LITERAL_CONVERSION = YES;
				CLANG_WARN_OBJC_ROOT_CLASS = YES_ERROR;
				CLANG_WARN_RANGE_LOOP_ANALYSIS = YES;
				CLANG_WARN_STRICT_PROTOTYPES = YES;
				CLANG_WARN_SUSPICIOUS_MOVE = YES;
				CLANG_WARN_UNGUARDED_AVAILABILITY = YES_AGGRESSIVE;
				CLANG_WARN_UNREACHABLE_CODE = YES;
				CLANG_WARN__DUPLICATE_METHOD_MATCH = YES;
				COPY_PHASE_STRIP = NO;
				DEBUG_INFORMATION_FORMAT = "dwarf-with-dsym";
				ENABLE_NS_ASSERTIONS = NO;
				ENABLE_STRICT_OBJC_MSGSEND = YES;
				GCC_C_LANGUAGE_STANDARD = gnu11;
				GCC_NO_COMMON_BLOCKS = YES;
				GCC_WARN_64_TO_32_BIT_CONVERSION = YES;
				GCC_WARN_ABOUT_RETURN_TYPE = YES_ERROR;
				GCC_WARN_UNDECLARED_SELECTOR = YES;
				GCC_WARN_UNINITIALIZED_AUTOS = YES_AGGRESSIVE;
				GCC_WARN_UNUSED_FUNCTION = YES;
				GCC_WARN_UNUSED_VARIABLE = YES;
				MACOSX_DEPLOYMENT_TARGET = 10.15;
				MTL_ENABLE_DEBUG_INFO = NO;
				MTL_FAST_MATH = YES;
				SDKROOT = macosx;
				SWIFT_COMPILATION_MODE = wholemodule;
				SWIFT_OPTIMIZATION_LEVEL = "-O";
			};
			name = Release;
		};
		D1ED2DDD24DD839200715B2A /* Debug */ = {
			isa = XCBuildConfiguration;
			buildSettings = {
				ASSETCATALOG_COMPILER_APPICON_NAME = AppIcon;
				CODE_SIGN_ENTITLEMENTS = HelloWorld/HelloWorld.entitlements;
				CODE_SIGN_STYLE = Automatic;
				COMBINE_HIDPI_IMAGES = YES;
				INFOPLIST_FILE = HelloWorld/Info.plist;
				LD_RUNPATH_SEARCH_PATHS = (
					"$(inherited)",
					"@executable_path/../Frameworks",
				);
				PRODUCT_BUNDLE_IDENTIFIER = com.shiga.HelloWorld;
				PRODUCT_NAME = "$(TARGET_NAME)";
				SWIFT_VERSION = 5.0;
			};
			name = Debug;
		};
		D1ED2DDE24DD839200715B2A /* Release */ = {
			isa = XCBuildConfiguration;
			buildSettings = {
				ASSETCATALOG_COMPILER_APPICON_NAME = AppIcon;
				CODE_SIGN_ENTITLEMENTS = HelloWorld/HelloWorld.entitlements;
				CODE_SIGN_STYLE = Automatic;
				COMBINE_HIDPI_IMAGES = YES;
				INFOPLIST_FILE = HelloWorld/Info.plist;
				LD_RUNPATH_SEARCH_PATHS = (
					"$(inherited)",
					"@executable_path/../Frameworks",
				);
				PRODUCT_BUNDLE_IDENTIFIER = com.shiga.HelloWorld;
				PRODUCT_NAME = "$(TARGET_NAME)";
				SWIFT_VERSION = 5.0;
			};
			name = Release;
		};
		D1ED2DE024DD839200715B2A /* Debug */ = {
			isa = XCBuildConfiguration;
			buildSettings = {
				ALWAYS_EMBED_SWIFT_STANDARD_LIBRARIES = YES;
				BUNDLE_LOADER = "$(TEST_HOST)";
				CODE_SIGN_STYLE = Automatic;
				COMBINE_HIDPI_IMAGES = YES;
				INFOPLIST_FILE = HelloWorldTests/Info.plist;
				LD_RUNPATH_SEARCH_PATHS = (
					"$(inherited)",
					"@executable_path/../Frameworks",
					"@loader_path/../Frameworks",
				);
				MACOSX_DEPLOYMENT_TARGET = 10.15;
				PRODUCT_BUNDLE_IDENTIFIER = com.shiga.HelloWorldTests;
				PRODUCT_NAME = "$(TARGET_NAME)";
				SWIFT_VERSION = 5.0;
				TEST_HOST = "$(BUILT_PRODUCTS_DIR)/HelloWorld.app/Contents/MacOS/HelloWorld";
			};
			name = Debug;
		};
		D1ED2DE124DD839200715B2A /* Release */ = {
			isa = XCBuildConfiguration;
			buildSettings = {
				ALWAYS_EMBED_SWIFT_STANDARD_LIBRARIES = YES;
				BUNDLE_LOADER = "$(TEST_HOST)";
				CODE_SIGN_STYLE = Automatic;
				COMBINE_HIDPI_IMAGES = YES;
				INFOPLIST_FILE = HelloWorldTests/Info.plist;
				LD_RUNPATH_SEARCH_PATHS = (
					"$(inherited)",
					"@executable_path/../Frameworks",
					"@loader_path/../Frameworks",
				);
				MACOSX_DEPLOYMENT_TARGET = 10.15;
				PRODUCT_BUNDLE_IDENTIFIER = com.shiga.HelloWorldTests;
				PRODUCT_NAME = "$(TARGET_NAME)";
				SWIFT_VERSION = 5.0;
				TEST_HOST = "$(BUILT_PRODUCTS_DIR)/HelloWorld.app/Contents/MacOS/HelloWorld";
			};
			name = Release;
		};
		D1ED2DE324DD839200715B2A /* Debug */ = {
			isa = XCBuildConfiguration;
			buildSettings = {
				ALWAYS_EMBED_SWIFT_STANDARD_LIBRARIES = YES;
				CODE_SIGN_STYLE = Automatic;
				COMBINE_HIDPI_IMAGES = YES;
				INFOPLIST_FILE = HelloWorldUITests/Info.plist;
				LD_RUNPATH_SEARCH_PATHS = (
					"$(inherited)",
					"@executable_path/../Frameworks",
					"@loader_path/../Frameworks",
				);
				PRODUCT_BUNDLE_IDENTIFIER = com.shiga.HelloWorldUITests;
				PRODUCT_NAME = "$(TARGET_NAME)";
				SWIFT_VERSION = 5.0;
				TEST_TARGET_NAME = HelloWorld;
			};
			name = Debug;
		};
		D1ED2DE424DD839200715B2A /* Release */ = {
			isa = XCBuildConfiguration;
			buildSettings = {
				ALWAYS_EMBED_SWIFT_STANDARD_LIBRARIES = YES;
				CODE_SIGN_STYLE = Automatic;
				COMBINE_HIDPI_IMAGES = YES;
				INFOPLIST_FILE = HelloWorldUITests/Info.plist;
				LD_RUNPATH_SEARCH_PATHS = (
					"$(inherited)",
					"@executable_path/../Frameworks",
					"@loader_path/../Frameworks",
				);
				PRODUCT_BUNDLE_IDENTIFIER = com.shiga.HelloWorldUITests;
				PRODUCT_NAME = "$(TARGET_NAME)";
				SWIFT_VERSION = 5.0;
				TEST_TARGET_NAME = HelloWorld;
			};
			name = Release;
		};
/* End XCBuildConfiguration section */

/* Begin XCConfigurationList section */
		D1ED2DB124DD839100715B2A /* Build configuration list for PBXProject "HelloWorld" */ = {
			isa = XCConfigurationList;
			buildConfigurations = (
				D1ED2DDA24DD839200715B2A /* Debug */,
				D1ED2DDB24DD839200715B2A /* Release */,
			);
			defaultConfigurationIsVisible = 0;
			defaultConfigurationName = Release;
		};
		D1ED2DDC24DD839200715B2A /* Build configuration list for PBXNativeTarget "HelloWorld" */ = {
			isa = XCConfigurationList;
			buildConfigurations = (
				D1ED2DDD24DD839200715B2A /* Debug */,
				D1ED2DDE24DD839200715B2A /* Release */,
			);
			defaultConfigurationIsVisible = 0;
			defaultConfigurationName = Release;
		};
		D1ED2DDF24DD839200715B2A /* Build configuration list for PBXNativeTarget "HelloWorldTests" */ = {
			isa = XCConfigurationList;
			buildConfigurations = (
				D1ED2DE024DD839200715B2A /* Debug */,
				D1ED2DE124DD839200715B2A /* Release */,
			);
			defaultConfigurationIsVisible = 0;
			defaultConfigurationName = Release;
		};
		D1ED2DE224DD839200715B2A /* Build configuration list for PBXNativeTarget "HelloWorldUITests" */ = {
			isa = XCConfigurationList;
			buildConfigurations = (
				D1ED2DE324DD839200715B2A /* Debug */,
				D1ED2DE424DD839200715B2A /* Release */,
			);
			defaultConfigurationIsVisible = 0;
			defaultConfigurationName = Release;
		};
/* End XCConfigurationList section */
	};
	rootObject = D1ED2DAE24DD839100715B2A /* Project object */;
}
